
Microsoft Visual Studio Solution File, Format Version 12.00
# Visual Studio Version 16
VisualStudioVersion = 16.0.30114.105
MinimumVisualStudioVersion = 10.0.40219.1
Project("{9A19103F-16F7-4668-BE54-9A1E7A4F7556}") = "BlazorEmojiSearch", "BlazorEmojiSearch\BlazorEmojiSearch.csproj", "{1E54FD6F-0939-4402-B05A-575350C7C810}"
EndProject
Global
	GlobalSection(SolutionConfigurationPlatforms) = preSolution
		Debug|Any CPU = Debug|Any CPU
		Release|Any CPU = Release|Any CPU
	EndGlobalSection
	GlobalSection(ProjectConfigurationPlatforms) = postSolution
		{1E54FD6F-0939-4402-B05A-575350C7C810}.Debug|Any CPU.ActiveCfg = Debug|Any CPU
		{1E54FD6F-0939-4402-B05A-575350C7C810}.Debug|Any CPU.Build.0 = Debug|Any CPU
		{1E54FD6F-0939-4402-B05A-575350C7C810}.Release|Any CPU.ActiveCfg = Release|Any CPU
		{1E54FD6F-0939-4402-B05A-575350C7C810}.Release|Any CPU.Build.0 = Release|Any CPU
	EndGlobalSection
	GlobalSection(SolutionProperties) = preSolution
		HideSolutionNode = FALSE
	EndGlobalSection
	GlobalSection(ExtensibilityGlobals) = postSolution
		SolutionGuid = {08A5E9BE-1344-4EE1-8772-507A00D8CE5A}
	EndGlobalSection
EndGlobal
